
Microsoft Visual Studio Solution File, Format Version 12.00
# Visual Studio Version 17
VisualStudioVersion = 17.5.002.0
MinimumVisualStudioVersion = 10.0.40219.1
Project("{9A19103F-16F7-4668-BE54-9A1E7A4F7556}") = "expert-pancake", "expert-pancake.csproj", "{21D8D7DF-5FB6-4561-A911-FA2DABBA53EE}"
EndProject
Global
	GlobalSection(SolutionConfigurationPlatforms) = preSolution
		Debug|Any CPU = Debug|Any CPU
		Release|Any CPU = Release|Any CPU
	EndGlobalSection
	GlobalSection(ProjectConfigurationPlatforms) = postSolution
		{21D8D7DF-5FB6-4561-A911-FA2DABBA53EE}.Debug|Any CPU.ActiveCfg = Debug|Any CPU
		{21D8D7DF-5FB6-4561-A911-FA2DABBA53EE}.Debug|Any CPU.Build.0 = Debug|Any CPU
		{21D8D7DF-5FB6-4561-A911-FA2DABBA53EE}.Release|Any CPU.ActiveCfg = Release|Any CPU
		{21D8D7DF-5FB6-4561-A911-FA2DABBA53EE}.Release|Any CPU.Build.0 = Release|Any CPU
	EndGlobalSection
	GlobalSection(SolutionProperties) = preSolution
		HideSolutionNode = FALSE
	EndGlobalSection
	GlobalSection(ExtensibilityGlobals) = postSolution
		SolutionGuid = {2EE43C5B-92E9-4F39-963C-22E62E22ED08}
	EndGlobalSection
EndGlobal
